
Microsoft Visual Studio Solution File, Format Version 12.00
# Visual Studio Version 17
VisualStudioVersion = 17.14.36414.22 d17.14
MinimumVisualStudioVersion = 10.0.40219.1
Project("{FAE04EC0-301F-11D3-BF4B-00C04F79EFBC}") = "Test01", "Test01\Test01.csproj", "{FF415FF3-27CC-1605-EF5D-6005358C99BD}"
EndProject
Global
	GlobalSection(SolutionConfigurationPlatforms) = preSolution
		Debug|Any CPU = Debug|Any CPU
		Release|Any CPU = Release|Any CPU
	EndGlobalSection
	GlobalSection(ProjectConfigurationPlatforms) = postSolution
		{FF415FF3-27CC-1605-EF5D-6005358C99BD}.Debug|Any CPU.ActiveCfg = Debug|Any CPU
		{FF415FF3-27CC-1605-EF5D-6005358C99BD}.Debug|Any CPU.Build.0 = Debug|Any CPU
		{FF415FF3-27CC-1605-EF5D-6005358C99BD}.Release|Any CPU.ActiveCfg = Release|Any CPU
		{FF415FF3-27CC-1605-EF5D-6005358C99BD}.Release|Any CPU.Build.0 = Release|Any CPU
	EndGlobalSection
	GlobalSection(SolutionProperties) = preSolution
		HideSolutionNode = FALSE
	EndGlobalSection
	GlobalSection(ExtensibilityGlobals) = postSolution
		SolutionGuid = {09E275B5-4463-4CAB-948E-450974D8DA8D}
	EndGlobalSection
EndGlobal
